<?xml version="1.0" encoding="utf-8"?>
<Project ToolsVersion="4.0" xmlns="http://schemas.microsoft.com/developer/msbuild/2003">
  <ItemGroup>
    <Filter Include="Chat">
      <UniqueIdentifier>{66e786a6-07d7-449c-87e9-1c3def324682}</UniqueIdentifier>
    </Filter>
    <Filter Include="Client">
      <UniqueIdentifier>{b7350898-1d76-47aa-bcd3-3165a181bcdf}</UniqueIdentifier>
    </Filter>
    <Filter Include="Console">
      <UniqueIdentifier>{19fbb97c-6bd3-427c-ae70-141976962b23}</UniqueIdentifier>
    </Filter>
    <Filter Include="Defines">
      <UniqueIdentifier>{6b5da8e7-29d2-42ca-b51a-2f61008f4c59}</UniqueIdentifier>
    </Filter>
    <Filter Include="LogonComm">
      <UniqueIdentifier>{fbcae4d1-021e-4227-987e-f3f0f334f8d4}</UniqueIdentifier>
    </Filter>
    <Filter Include="Manager">
      <UniqueIdentifier>{928f843a-a0ec-4f1b-a786-cb1ce61b5fba}</UniqueIdentifier>
    </Filter>
    <Filter Include="Storage">
      <UniqueIdentifier>{a4ae3e9e-2e00-4c71-97d5-daac6217bb1a}</UniqueIdentifier>
    </Filter>
    <Filter Include="Worker Server">
      <UniqueIdentifier>{f88524eb-e90c-4c8d-a474-487a16ac7790}</UniqueIdentifier>
    </Filter>
  </ItemGroup>
  <ItemGroup>
    <ClCompile Include="..\..\src\ClusterServer\Channel.cpp">
      <Filter>Chat</Filter>
    </ClCompile>
    <ClCompile Include="..\..\src\ClusterServer\ChannelHandler.cpp">
      <Filter>Chat</Filter>
    </ClCompile>
    <ClCompile Include="..\..\src\ClusterServer\CharacterHandler.cpp">
      <Filter>Client</Filter>
    </ClCompile>
    <ClCompile Include="..\..\src\ClusterServer\Chat.cpp">
      <Filter>Chat</Filter>
    </ClCompile>
    <ClCompile Include="..\..\src\ClusterServer\ClientManager.cpp">
      <Filter>Manager</Filter>
    </ClCompile>
    <ClCompile Include="..\..\src\ClusterServer\ClusterManager.cpp">
      <Filter>Manager</Filter>
    </ClCompile>
    <ClCompile Include="..\..\src\ClusterServer\ConsoleCommands.cpp">
      <Filter>Console</Filter>
    </ClCompile>
    <ClCompile Include="..\..\src\ClusterServer\ConsoleListener.cpp">
      <Filter>Console</Filter>
    </ClCompile>
    <ClCompile Include="..\..\src\ClusterServer\LocalizationMgr.cpp">
      <Filter>Client</Filter>
    </ClCompile>
    <ClCompile Include="..\..\src\ClusterServer\LogonCommClient.cpp">
      <Filter>LogonComm</Filter>
    </ClCompile>
    <ClCompile Include="..\..\src\ClusterServer\LogonCommHandler.cpp">
      <Filter>LogonComm</Filter>
    </ClCompile>
    <ClCompile Include="..\..\src\ClusterServer\Main.cpp" />
    <ClCompile Include="..\..\src\ClusterServer\Master.cpp" />
    <ClCompile Include="..\..\src\ClusterServer\ObjectStorage.cpp">
      <Filter>Storage</Filter>
    </ClCompile>
    <ClCompile Include="..\..\src\ClusterServer\QueryHandler.cpp">
      <Filter>Client</Filter>
    </ClCompile>
    <ClCompile Include="..\..\src\ClusterServer\RStdAfx.cpp" />
    <ClCompile Include="..\..\src\ClusterServer\Session.cpp">
      <Filter>Client</Filter>
    </ClCompile>
    <ClCompile Include="..\..\src\ClusterServer\WorkerServer.cpp">
      <Filter>Worker Server</Filter>
    </ClCompile>
    <ClCompile Include="..\..\src\ClusterServer\WorkerServerSocket.cpp">
      <Filter>Worker Server</Filter>
    </ClCompile>
    <ClCompile Include="..\..\src\ClusterServer\WorldSocket.cpp">
      <Filter>Client</Filter>
    </ClCompile>
  </ItemGroup>
  <ItemGroup>
    <ClInclude Include="..\..\src\ClusterServer\Channel.h">
      <Filter>Chat</Filter>
    </ClInclude>
    <ClInclude Include="..\..\src\ClusterServer\ChannelMgr.h">
      <Filter>Chat</Filter>
    </ClInclude>
    <ClInclude Include="..\..\src\ClusterServer\Chat.h">
      <Filter>Chat</Filter>
    </ClInclude>
    <ClInclude Include="..\..\src\ClusterServer\ClientManager.h">
      <Filter>Manager</Filter>
    </ClInclude>
    <ClInclude Include="..\..\src\ClusterServer\ClusterManager.h">
      <Filter>Manager</Filter>
    </ClInclude>
    <ClInclude Include="..\..\src\ClusterServer\ConsoleCommands.h">
      <Filter>Console</Filter>
    </ClInclude>
    <ClInclude Include="..\..\src\ClusterServer\LocalizationMgr.h">
      <Filter>Client</Filter>
    </ClInclude>
    <ClInclude Include="..\..\src\ClusterServer\LogonCommClient.h">
      <Filter>LogonComm</Filter>
    </ClInclude>
    <ClInclude Include="..\..\src\ClusterServer\LogonCommHandler.h">
      <Filter>LogonComm</Filter>
    </ClInclude>
    <ClInclude Include="..\..\src\ClusterServer\Master.h" />
    <ClInclude Include="..\..\src\ClusterServer\ObjectStorage.h">
      <Filter>Storage</Filter>
    </ClInclude>
    <ClInclude Include="..\..\src\ClusterServer\RStdAfx.h" />
    <ClInclude Include="..\..\src\ClusterServer\Session.h">
      <Filter>Client</Filter>
    </ClInclude>
    <ClInclude Include="..\..\src\ClusterServer\Structures.h">
      <Filter>Defines</Filter>
    </ClInclude>
    <ClInclude Include="..\..\src\ClusterServer\WorkerOpcodes.h">
      <Filter>Worker Server</Filter>
    </ClInclude>
    <ClInclude Include="..\..\src\ClusterServer\WorkerServer.h">
      <Filter>Worker Server</Filter>
    </ClInclude>
    <ClInclude Include="..\..\src\ClusterServer\WorkerServerSocket.h">
      <Filter>Worker Server</Filter>
    </ClInclude>
    <ClInclude Include="..\..\src\ClusterServer\WorldSocket.h">
      <Filter>Client</Filter>
    </ClInclude>
  </ItemGroup>
  <ItemGroup>
    <ResourceCompile Include="..\..\src\libs\icon.rc">
      <Filter>PreCompiled</Filter>
    </ResourceCompile>
  </ItemGroup>
</Project>