<?xml version="1.0" encoding="utf-8"?>
<Project ToolsVersion="4.0" xmlns="http://schemas.microsoft.com/developer/msbuild/2003">
  <ItemGroup>
    <Filter Include="Launcher">
      <UniqueIdentifier>{281155ba-94a0-4294-b93d-2f68c04adc75}</UniqueIdentifier>
    </Filter>
    <Filter Include="Launcher\Console">
      <UniqueIdentifier>{996c7ea9-77a8-4a31-9f8c-86c5cb50ef7a}</UniqueIdentifier>
    </Filter>
  </ItemGroup>
  <ItemGroup>
    <ClCompile Include="..\..\src\libs\CoreMemoryAllocator_Core.cpp">
      <Filter>Launcher</Filter>
    </ClCompile>
    <ClCompile Include="..\..\src\WorldServer\Main.cpp">
      <Filter>Launcher</Filter>
    </ClCompile>
    <ClCompile Include="..\..\src\WorldServer\Master.cpp">
      <Filter>Launcher</Filter>
    </ClCompile>
    <ClCompile Include="..\..\src\WorldServer\CConsole.cpp">
      <Filter>Launcher\Console</Filter>
    </ClCompile>
    <ClCompile Include="..\..\src\WorldServer\ConsoleCommands.cpp">
      <Filter>Launcher\Console</Filter>
    </ClCompile>
    <ClCompile Include="..\..\src\WorldServer\ConsoleListener.cpp">
      <Filter>Launcher\Console</Filter>
    </ClCompile>
    <ClCompile Include="..\..\src\WorldServer\AchievementInterface.cpp" />
    <ClCompile Include="..\..\src\WorldServer\AddonMgr.cpp" />
    <ClCompile Include="..\..\src\WorldServer\AIInterface.cpp" />
    <ClCompile Include="..\..\src\WorldServer\AlteracValley.cpp" />
    <ClCompile Include="..\..\src\WorldServer\ArathiBasin.cpp" />
    <ClCompile Include="..\..\src\WorldServer\AreaTrigger.cpp" />
    <ClCompile Include="..\..\src\WorldServer\Arenas.cpp" />
    <ClCompile Include="..\..\src\WorldServer\ArenaTeam.cpp" />
    <ClCompile Include="..\..\src\WorldServer\AuctionHouse.cpp" />
    <ClCompile Include="..\..\src\WorldServer\AuctionMgr.cpp" />
    <ClCompile Include="..\..\src\WorldServer\BattlegroundCommands.cpp" />
    <ClCompile Include="..\..\src\WorldServer\BattlegroundHandler.cpp" />
    <ClCompile Include="..\..\src\WorldServer\BattlegroundMgr.cpp" />
    <ClCompile Include="..\..\src\WorldServer\ChainAggroEntity.cpp" />
    <ClCompile Include="..\..\src\WorldServer\Channel.cpp" />
    <ClCompile Include="..\..\src\WorldServer\ChannelHandler.cpp" />
    <ClCompile Include="..\..\src\WorldServer\CharacterHandler.cpp" />
    <ClCompile Include="..\..\src\WorldServer\Chat.cpp" />
    <ClCompile Include="..\..\src\WorldServer\ChatHandler.cpp" />
    <ClCompile Include="..\..\src\WorldServer\ClusterInterface.cpp" />
    <ClCompile Include="..\..\src\WorldServer\CollideInterface.cpp" />
    <ClCompile Include="..\..\src\WorldServer\CombatHandler.cpp" />
    <ClCompile Include="..\..\src\WorldServer\Container.cpp" />
    <ClCompile Include="..\..\src\WorldServer\Corpse.cpp" />
    <ClCompile Include="..\..\src\WorldServer\Creature.cpp" />
    <ClCompile Include="..\..\src\WorldServer\DayWatcherThread.cpp" />
    <ClCompile Include="..\..\src\WorldServer\debugcmds.cpp" />
    <ClCompile Include="..\..\src\WorldServer\DuelHandler.cpp" />
    <ClCompile Include="..\..\src\WorldServer\DynamicObject.cpp" />
    <ClCompile Include="..\..\src\WorldServer\EventableObject.cpp" />
    <ClCompile Include="..\..\src\WorldServer\EventMgr.cpp" />
    <ClCompile Include="..\..\src\WorldServer\EyeOfTheStorm.cpp" />
    <ClCompile Include="..\..\src\WorldServer\faction.cpp" />
    <ClCompile Include="..\..\src\WorldServer\GameObject.cpp" />
    <ClCompile Include="..\..\src\WorldServer\GMTicket.cpp" />
    <ClCompile Include="..\..\src\WorldServer\Group.cpp" />
    <ClCompile Include="..\..\src\WorldServer\GroupHandler.cpp" />
    <ClCompile Include="..\..\src\WorldServer\Guild.cpp" />
    <ClCompile Include="..\..\src\WorldServer\GuildHandler.cpp" />
    <ClCompile Include="..\..\src\WorldServer\HonorHandler.cpp" />
    <ClCompile Include="..\..\src\WorldServer\INGEvents.cpp" />
    <ClCompile Include="..\..\src\WorldServer\Item.cpp" />
    <ClCompile Include="..\..\src\WorldServer\ItemHandler.cpp" />
    <ClCompile Include="..\..\src\WorldServer\ItemInterface.cpp" />
    <ClCompile Include="..\..\src\WorldServer\Level0.cpp" />
    <ClCompile Include="..\..\src\WorldServer\Level1.cpp" />
    <ClCompile Include="..\..\src\WorldServer\Level2.cpp" />
    <ClCompile Include="..\..\src\WorldServer\Level3.cpp" />
    <ClCompile Include="..\..\src\WorldServer\LfgHandler.cpp" />
    <ClCompile Include="..\..\src\WorldServer\LfgMgr.cpp" />
    <ClCompile Include="..\..\src\WorldServer\LogonCommClient.cpp" />
    <ClCompile Include="..\..\src\WorldServer\LogonCommHandler.cpp" />
    <ClCompile Include="..\..\src\WorldServer\LootMgr.cpp" />
    <ClCompile Include="..\..\src\WorldServer\MailSystem.cpp" />
    <ClCompile Include="..\..\src\WorldServer\Map.cpp" />
    <ClCompile Include="..\..\src\WorldServer\MapCell.cpp" />
    <ClCompile Include="..\..\src\WorldServer\MapMgr.cpp" />
    <ClCompile Include="..\..\src\WorldServer\MapScriptInterface.cpp" />
    <ClCompile Include="..\..\src\WorldServer\MiscHandler.cpp" />
    <ClCompile Include="..\..\src\WorldServer\MovementHandler.cpp" />
    <ClCompile Include="..\..\src\WorldServer\NPCHandler.cpp" />
    <ClCompile Include="..\..\src\WorldServer\Object.cpp" />
    <ClCompile Include="..\..\src\WorldServer\ObjectMgr.cpp" />
    <ClCompile Include="..\..\src\WorldServer\ObjectStorage.cpp" />
    <ClCompile Include="..\..\src\WorldServer\Opcodes.cpp" />
    <ClCompile Include="..\..\src\WorldServer\Pet.cpp" />
    <ClCompile Include="..\..\src\WorldServer\PetHandler.cpp" />
    <ClCompile Include="..\..\src\WorldServer\Player.cpp" />
    <ClCompile Include="..\..\src\WorldServer\PlayerPacketWrapper.cpp" />
    <ClCompile Include="..\..\src\WorldServer\QueryHandler.cpp" />
    <ClCompile Include="..\..\src\WorldServer\Quest.cpp" />
    <ClCompile Include="..\..\src\WorldServer\QuestCommands.cpp" />
    <ClCompile Include="..\..\src\WorldServer\QuestHandler.cpp" />
    <ClCompile Include="..\..\src\WorldServer\QuestMgr.cpp" />
    <ClCompile Include="..\..\src\WorldServer\RaidHandler.cpp" />
    <ClCompile Include="..\..\src\WorldServer\RecallCommands.cpp" />
    <ClCompile Include="..\..\src\WorldServer\ReputationHandler.cpp" />
    <ClCompile Include="..\..\src\WorldServer\ScriptMgr.cpp" />
    <ClCompile Include="..\..\src\WorldServer\SkillHandler.cpp" />
    <ClCompile Include="..\..\src\WorldServer\SocialHandler.cpp" />
    <ClCompile Include="..\..\src\WorldServer\Spell.cpp" />
    <ClCompile Include="..\..\src\WorldServer\SpellAuras.cpp" />
    <ClCompile Include="..\..\src\WorldServer\SpellEffects.cpp" />
    <ClCompile Include="..\..\src\WorldServer\SpellFixes.cpp" />
    <ClCompile Include="..\..\src\WorldServer\SpellHandler.cpp" />
    <ClCompile Include="..\..\src\WorldServer\SpellTarget.cpp" />
    <ClCompile Include="..\..\src\WorldServer\Stats.cpp" />
    <ClCompile Include="..\..\src\WorldServer\StdAfx.cpp" />
    <ClCompile Include="..\..\src\WorldServer\StrandOfTheAncients.cpp" />
    <ClCompile Include="..\..\src\WorldServer\TaxiHandler.cpp" />
    <ClCompile Include="..\..\src\WorldServer\TaxiMgr.cpp" />
    <ClCompile Include="..\..\src\WorldServer\TerrainMgr.cpp" />
    <ClCompile Include="..\..\src\WorldServer\TheIsleOfConquest.cpp" />
    <ClCompile Include="..\..\src\WorldServer\TradeHandler.cpp" />
    <ClCompile Include="..\..\src\WorldServer\TransporterHandler.cpp" />
    <ClCompile Include="..\..\src\WorldServer\Unit.cpp" />
    <ClCompile Include="..\..\src\WorldServer\Vehicle.cpp" />
    <ClCompile Include="..\..\src\WorldServer\WarsongGulch.cpp" />
    <ClCompile Include="..\..\src\WorldServer\WayPoints.cpp" />
    <ClCompile Include="..\..\src\WorldServer\WeatherMgr.cpp" />
    <ClCompile Include="..\..\src\WorldServer\WordFilter.cpp" />
    <ClCompile Include="..\..\src\WorldServer\WorkdSocketCluster.cpp" />
    <ClCompile Include="..\..\src\WorldServer\WorkerServerClient.cpp" />
    <ClCompile Include="..\..\src\WorldServer\World.cpp" />
    <ClCompile Include="..\..\src\WorldServer\WorldCreator.cpp" />
    <ClCompile Include="..\..\src\WorldServer\WorldRunnable.cpp" />
    <ClCompile Include="..\..\src\WorldServer\WorldSession.cpp" />
    <ClCompile Include="..\..\src\WorldServer\WorldSocket.cpp" />
    <ClCompile Include="..\..\src\WorldServer\WorldStateManager.cpp" />
  </ItemGroup>
  <ItemGroup>
    <ClInclude Include="..\..\src\WorldServer\Master.h">
      <Filter>Launcher</Filter>
    </ClInclude>
    <ClInclude Include="..\..\src\WorldServer\BaseConsole.h">
      <Filter>Launcher\Console</Filter>
    </ClInclude>
    <ClInclude Include="..\..\src\WorldServer\CConsole.h">
      <Filter>Launcher\Console</Filter>
    </ClInclude>
    <ClInclude Include="..\..\src\WorldServer\ConsoleCommands.h">
      <Filter>Launcher\Console</Filter>
    </ClInclude>
    <ClInclude Include="..\..\src\WorldServer\AchievementInterface.h" />
    <ClInclude Include="..\..\src\WorldServer\AddonMgr.h" />
    <ClInclude Include="..\..\src\WorldServer\AIInterface.h" />
    <ClInclude Include="..\..\src\WorldServer\AlteracValley.h" />
    <ClInclude Include="..\..\src\WorldServer\ArathiBasin.h" />
    <ClInclude Include="..\..\src\WorldServer\AreaTrigger.h" />
    <ClInclude Include="..\..\src\WorldServer\Arenas.h" />
    <ClInclude Include="..\..\src\WorldServer\ArenaTeam.h" />
    <ClInclude Include="..\..\src\WorldServer\AuctionHouse.h" />
    <ClInclude Include="..\..\src\WorldServer\AuctionMgr.h" />
    <ClInclude Include="..\..\src\WorldServer\BattlegroundMgr.h" />
    <ClInclude Include="..\..\src\WorldServer\CellHandler.h" />
    <ClInclude Include="..\..\src\WorldServer\ChainAggroEntity.h" />
    <ClInclude Include="..\..\src\WorldServer\Channel.h" />
    <ClInclude Include="..\..\src\WorldServer\ChannelMgr.h" />
    <ClInclude Include="..\..\src\WorldServer\Chat.h" />
    <ClInclude Include="..\..\src\WorldServer\ClassSpells.h" />
    <ClInclude Include="..\..\src\WorldServer\ClusterInterface.h" />
    <ClInclude Include="..\..\src\WorldServer\CollideInterface.h" />
    <ClInclude Include="..\..\src\WorldServer\Const.h" />
    <ClInclude Include="..\..\src\WorldServer\Container.h" />
    <ClInclude Include="..\..\src\WorldServer\Corpse.h" />
    <ClInclude Include="..\..\src\WorldServer\Creature.h" />
    <ClInclude Include="..\..\src\WorldServer\DayWatcherThread.h" />
    <ClInclude Include="..\..\src\WorldServer\DynamicObject.h" />
    <ClInclude Include="..\..\src\WorldServer\EventableObject.h" />
    <ClInclude Include="..\..\src\WorldServer\EventMgr.h" />
    <ClInclude Include="..\..\src\WorldServer\EyeOfTheStorm.h" />
    <ClInclude Include="..\..\src\WorldServer\faction.h" />
    <ClInclude Include="..\..\src\WorldServer\GameObject.h" />
    <ClInclude Include="..\..\src\WorldServer\Group.h" />
    <ClInclude Include="..\..\src\WorldServer\Guild.h" />
    <ClInclude Include="..\..\src\WorldServer\HonorHandler.h" />
    <ClInclude Include="..\..\src\WorldServer\Item.h" />
    <ClInclude Include="..\..\src\WorldServer\ItemInterface.h" />
    <ClInclude Include="..\..\src\WorldServer\ItemPrototype.h" />
    <ClInclude Include="..\..\src\WorldServer\LfgMgr.h" />
    <ClInclude Include="..\..\src\WorldServer\LogonCommClient.h" />
    <ClInclude Include="..\..\src\WorldServer\LogonCommHandler.h" />
    <ClInclude Include="..\..\src\WorldServer\LootMgr.h" />
    <ClInclude Include="..\..\src\WorldServer\MailSystem.h" />
    <ClInclude Include="..\..\src\WorldServer\MainServerDefines.h" />
    <ClInclude Include="..\..\src\WorldServer\Map.h" />
    <ClInclude Include="..\..\src\WorldServer\MapCell.h" />
    <ClInclude Include="..\..\src\WorldServer\MapMgr.h" />
    <ClInclude Include="..\..\src\WorldServer\MapScriptInterface.h" />
    <ClInclude Include="..\..\src\WorldServer\MiscHandler.h" />
    <ClInclude Include="..\..\src\WorldServer\NameTables.h" />
    <ClInclude Include="..\..\src\WorldServer\NPCHandler.h" />
    <ClInclude Include="..\..\src\WorldServer\Object.h" />
    <ClInclude Include="..\..\src\WorldServer\ObjectMgr.h" />
    <ClInclude Include="..\..\src\WorldServer\ObjectStorage.h" />
    <ClInclude Include="..\..\src\WorldServer\Opcodes.h" />
    <ClInclude Include="..\..\src\WorldServer\Packets.h" />
    <ClInclude Include="..\..\src\WorldServer\Pet.h" />
    <ClInclude Include="..\..\src\WorldServer\Player.h" />
    <ClInclude Include="..\..\src\WorldServer\Quest.h" />
    <ClInclude Include="..\..\src\WorldServer\QuestMgr.h" />
    <ClInclude Include="..\..\src\WorldServer\ScriptMgr.h" />
    <ClInclude Include="..\..\src\WorldServer\ScriptSetup.h" />
    <ClInclude Include="..\..\src\WorldServer\SkillNameMgr.h" />
    <ClInclude Include="..\..\src\WorldServer\Spell.h" />
    <ClInclude Include="..\..\src\WorldServer\SpellAuras.h" />
    <ClInclude Include="..\..\src\WorldServer\SpellFailure.h" />
    <ClInclude Include="..\..\src\WorldServer\SpellNameHashes.h" />
    <ClInclude Include="..\..\src\WorldServer\Stats.h" />
    <ClInclude Include="..\..\src\WorldServer\StdAfx.h" />
    <ClInclude Include="..\..\src\WorldServer\StrandOfTheAncients.h" />
    <ClInclude Include="..\..\src\WorldServer\TaxiMgr.h" />
    <ClInclude Include="..\..\src\WorldServer\TerrainMgr.h" />
    <ClInclude Include="..\..\src\WorldServer\TheIsleOfConquest.h" />
    <ClInclude Include="..\..\src\WorldServer\TransporterHandler.h" />
    <ClInclude Include="..\..\src\WorldServer\Unit.h" />
    <ClInclude Include="..\..\src\WorldServer\UpdateFields.h" />
    <ClInclude Include="..\..\src\WorldServer\UpdateMask.h" />
    <ClInclude Include="..\..\src\WorldServer\Vehicle.h" />
    <ClInclude Include="..\..\src\WorldServer\WarsongGulch.h" />
    <ClInclude Include="..\..\src\WorldServer\WeatherMgr.h" />
    <ClInclude Include="..\..\src\WorldServer\WordFilter.h" />
    <ClInclude Include="..\..\src\WorldServer\WorkerServerClient.h" />
    <ClInclude Include="..\..\src\WorldServer\World.h" />
    <ClInclude Include="..\..\src\WorldServer\WorldCreator.h" />
    <ClInclude Include="..\..\src\WorldServer\WorldRunnable.h" />
    <ClInclude Include="..\..\src\WorldServer\WorldSession.h" />
    <ClInclude Include="..\..\src\WorldServer\WorldSocket.h" />
    <ClInclude Include="..\..\src\WorldServer\WorldStateManager.h" />
    <ClInclude Include="..\..\src\WorldServer\WorldStates.h" />
  </ItemGroup>
  <ItemGroup>
    <ResourceCompile Include="..\..\src\libs\icon.rc" />
  </ItemGroup>
</Project>
